{
  "name": "graphics_gen",
  "lockfileVersion": 3,
  "requires": true,
  "packages": {
    "": {
      "dependencies": {
        "@retroachievements/api": "^2.4.0"
      }
    },
    "node_modules/@retroachievements/api": {
      "version": "2.4.0",
      "resolved": "https://registry.npmjs.org/@retroachievements/api/-/api-2.4.0.tgz",
      "integrity": "sha512-e2h/df84O/AgXjmfqZIxFpusCAtTyG4qTlrux72y/SKMuPTYlAyhUQlNGM2ADx2RRo5v+STv+yywcKr0yIghYw==",
      "license": "MIT",
      "engines": {
        "node": ">=16"
      }
    }
  }
}
